
Microsoft Visual Studio Solution File, Format Version 12.00
# Visual Studio Version 17
VisualStudioVersion = 17.0.31903.59
MinimumVisualStudioVersion = 10.0.40219.1
Project("{2150E333-8FDC-42A3-9474-1A3956D46DE8}") = "src", "src", "{827E0CD3-B72D-47B6-A68D-7590B98EB39B}"
EndProject
Project("{2150E333-8FDC-42A3-9474-1A3956D46DE8}") = "01-LINQ", "01-LINQ", "{5D07C300-7DD5-381B-F8D2-18B93C30268E}"
EndProject
Project("{FAE04EC0-301F-11D3-BF4B-00C04F79EFBC}") = "LinqExamples", "src\01-LINQ\LinqExamples.csproj", "{56A41249-A754-4964-91B7-39302F112B86}"
EndProject
Project("{2150E333-8FDC-42A3-9474-1A3956D46DE8}") = "02-Delegates", "02-Delegates", "{5D056765-A62B-FBA0-EA50-2BCEBC0DA899}"
EndProject
Project("{FAE04EC0-301F-11D3-BF4B-00C04F79EFBC}") = "DelegatesExamples", "src\02-Delegates\DelegatesExamples.csproj", "{A2C6952A-B0E2-47DF-80AF-D9B98D47F852}"
EndProject
Project("{2150E333-8FDC-42A3-9474-1A3956D46DE8}") = "03-AsyncAwait", "03-AsyncAwait", "{1A17A07C-70F8-0237-AF80-FE7DBA3D9DC4}"
EndProject
Project("{FAE04EC0-301F-11D3-BF4B-00C04F79EFBC}") = "AsyncAwaitExamples", "src\03-AsyncAwait\AsyncAwaitExamples.csproj", "{F49A66E6-2FF4-4F6B-A9EC-57445D7B0506}"
EndProject
Global
	GlobalSection(SolutionConfigurationPlatforms) = preSolution
		Debug|Any CPU = Debug|Any CPU
		Debug|x64 = Debug|x64
		Debug|x86 = Debug|x86
		Release|Any CPU = Release|Any CPU
		Release|x64 = Release|x64
		Release|x86 = Release|x86
	EndGlobalSection
	GlobalSection(ProjectConfigurationPlatforms) = postSolution
		{56A41249-A754-4964-91B7-39302F112B86}.Debug|Any CPU.ActiveCfg = Debug|Any CPU
		{56A41249-A754-4964-91B7-39302F112B86}.Debug|Any CPU.Build.0 = Debug|Any CPU
		{56A41249-A754-4964-91B7-39302F112B86}.Debug|x64.ActiveCfg = Debug|Any CPU
		{56A41249-A754-4964-91B7-39302F112B86}.Debug|x64.Build.0 = Debug|Any CPU
		{56A41249-A754-4964-91B7-39302F112B86}.Debug|x86.ActiveCfg = Debug|Any CPU
		{56A41249-A754-4964-91B7-39302F112B86}.Debug|x86.Build.0 = Debug|Any CPU
		{56A41249-A754-4964-91B7-39302F112B86}.Release|Any CPU.ActiveCfg = Release|Any CPU
		{56A41249-A754-4964-91B7-39302F112B86}.Release|Any CPU.Build.0 = Release|Any CPU
		{56A41249-A754-4964-91B7-39302F112B86}.Release|x64.ActiveCfg = Release|Any CPU
		{56A41249-A754-4964-91B7-39302F112B86}.Release|x64.Build.0 = Release|Any CPU
		{56A41249-A754-4964-91B7-39302F112B86}.Release|x86.ActiveCfg = Release|Any CPU
		{56A41249-A754-4964-91B7-39302F112B86}.Release|x86.Build.0 = Release|Any CPU
		{A2C6952A-B0E2-47DF-80AF-D9B98D47F852}.Debug|Any CPU.ActiveCfg = Debug|Any CPU
		{A2C6952A-B0E2-47DF-80AF-D9B98D47F852}.Debug|Any CPU.Build.0 = Debug|Any CPU
		{A2C6952A-B0E2-47DF-80AF-D9B98D47F852}.Debug|x64.ActiveCfg = Debug|Any CPU
		{A2C6952A-B0E2-47DF-80AF-D9B98D47F852}.Debug|x64.Build.0 = Debug|Any CPU
		{A2C6952A-B0E2-47DF-80AF-D9B98D47F852}.Debug|x86.ActiveCfg = Debug|Any CPU
		{A2C6952A-B0E2-47DF-80AF-D9B98D47F852}.Debug|x86.Build.0 = Debug|Any CPU
		{A2C6952A-B0E2-47DF-80AF-D9B98D47F852}.Release|Any CPU.ActiveCfg = Release|Any CPU
		{A2C6952A-B0E2-47DF-80AF-D9B98D47F852}.Release|Any CPU.Build.0 = Release|Any CPU
		{A2C6952A-B0E2-47DF-80AF-D9B98D47F852}.Release|x64.ActiveCfg = Release|Any CPU
		{A2C6952A-B0E2-47DF-80AF-D9B98D47F852}.Release|x64.Build.0 = Release|Any CPU
		{A2C6952A-B0E2-47DF-80AF-D9B98D47F852}.Release|x86.ActiveCfg = Release|Any CPU
		{A2C6952A-B0E2-47DF-80AF-D9B98D47F852}.Release|x86.Build.0 = Release|Any CPU
		{F49A66E6-2FF4-4F6B-A9EC-57445D7B0506}.Debug|Any CPU.ActiveCfg = Debug|Any CPU
		{F49A66E6-2FF4-4F6B-A9EC-57445D7B0506}.Debug|Any CPU.Build.0 = Debug|Any CPU
		{F49A66E6-2FF4-4F6B-A9EC-57445D7B0506}.Debug|x64.ActiveCfg = Debug|Any CPU
		{F49A66E6-2FF4-4F6B-A9EC-57445D7B0506}.Debug|x64.Build.0 = Debug|Any CPU
		{F49A66E6-2FF4-4F6B-A9EC-57445D7B0506}.Debug|x86.ActiveCfg = Debug|Any CPU
		{F49A66E6-2FF4-4F6B-A9EC-57445D7B0506}.Debug|x86.Build.0 = Debug|Any CPU
		{F49A66E6-2FF4-4F6B-A9EC-57445D7B0506}.Release|Any CPU.ActiveCfg = Release|Any CPU
		{F49A66E6-2FF4-4F6B-A9EC-57445D7B0506}.Release|Any CPU.Build.0 = Release|Any CPU
		{F49A66E6-2FF4-4F6B-A9EC-57445D7B0506}.Release|x64.ActiveCfg = Release|Any CPU
		{F49A66E6-2FF4-4F6B-A9EC-57445D7B0506}.Release|x64.Build.0 = Release|Any CPU
		{F49A66E6-2FF4-4F6B-A9EC-57445D7B0506}.Release|x86.ActiveCfg = Release|Any CPU
		{F49A66E6-2FF4-4F6B-A9EC-57445D7B0506}.Release|x86.Build.0 = Release|Any CPU
	EndGlobalSection
	GlobalSection(SolutionProperties) = preSolution
		HideSolutionNode = FALSE
	EndGlobalSection
	GlobalSection(NestedProjects) = preSolution
		{5D07C300-7DD5-381B-F8D2-18B93C30268E} = {827E0CD3-B72D-47B6-A68D-7590B98EB39B}
		{56A41249-A754-4964-91B7-39302F112B86} = {5D07C300-7DD5-381B-F8D2-18B93C30268E}
		{5D056765-A62B-FBA0-EA50-2BCEBC0DA899} = {827E0CD3-B72D-47B6-A68D-7590B98EB39B}
		{A2C6952A-B0E2-47DF-80AF-D9B98D47F852} = {5D056765-A62B-FBA0-EA50-2BCEBC0DA899}
		{1A17A07C-70F8-0237-AF80-FE7DBA3D9DC4} = {827E0CD3-B72D-47B6-A68D-7590B98EB39B}
		{F49A66E6-2FF4-4F6B-A9EC-57445D7B0506} = {1A17A07C-70F8-0237-AF80-FE7DBA3D9DC4}
	EndGlobalSection
EndGlobal
