
Microsoft Visual Studio Solution File, Format Version 12.00
# Visual Studio Version 17
VisualStudioVersion = 17.0.31903.59
MinimumVisualStudioVersion = 10.0.40219.1
Project("{2150E333-8FDC-42A3-9474-1A3956D46DE8}") = "src", "src", "{827E0CD3-B72D-47B6-A68D-7590B98EB39B}"
EndProject
Project("{2150E333-8FDC-42A3-9474-1A3956D46DE8}") = "01-LINQ", "01-LINQ", "{5D07C300-7DD5-381B-F8D2-18B93C30268E}"
EndProject
Project("{FAE04EC0-301F-11D3-BF4B-00C04F79EFBC}") = "LinqExamples", "src\01-LINQ\LinqExamples.csproj", "{56A41249-A754-4964-91B7-39302F112B86}"
EndProject
Project("{2150E333-8FDC-42A3-9474-1A3956D46DE8}") = "02-AsyncAwait", "02-AsyncAwait", "{66C3345D-FD30-D1A6-500C-0C0E97642595}"
EndProject
Project("{FAE04EC0-301F-11D3-BF4B-00C04F79EFBC}") = "AsyncAwaitExamples", "src\02-AsyncAwait\AsyncAwaitExamples.csproj", "{799531CF-FE8A-47A0-92DC-0F526B329F29}"
EndProject
Global
	GlobalSection(SolutionConfigurationPlatforms) = preSolution
		Debug|Any CPU = Debug|Any CPU
		Debug|x64 = Debug|x64
		Debug|x86 = Debug|x86
		Release|Any CPU = Release|Any CPU
		Release|x64 = Release|x64
		Release|x86 = Release|x86
	EndGlobalSection
	GlobalSection(ProjectConfigurationPlatforms) = postSolution
		{56A41249-A754-4964-91B7-39302F112B86}.Debug|Any CPU.ActiveCfg = Debug|Any CPU
		{56A41249-A754-4964-91B7-39302F112B86}.Debug|Any CPU.Build.0 = Debug|Any CPU
		{56A41249-A754-4964-91B7-39302F112B86}.Debug|x64.ActiveCfg = Debug|Any CPU
		{56A41249-A754-4964-91B7-39302F112B86}.Debug|x64.Build.0 = Debug|Any CPU
		{56A41249-A754-4964-91B7-39302F112B86}.Debug|x86.ActiveCfg = Debug|Any CPU
		{56A41249-A754-4964-91B7-39302F112B86}.Debug|x86.Build.0 = Debug|Any CPU
		{56A41249-A754-4964-91B7-39302F112B86}.Release|Any CPU.ActiveCfg = Release|Any CPU
		{56A41249-A754-4964-91B7-39302F112B86}.Release|Any CPU.Build.0 = Release|Any CPU
		{56A41249-A754-4964-91B7-39302F112B86}.Release|x64.ActiveCfg = Release|Any CPU
		{56A41249-A754-4964-91B7-39302F112B86}.Release|x64.Build.0 = Release|Any CPU
		{56A41249-A754-4964-91B7-39302F112B86}.Release|x86.ActiveCfg = Release|Any CPU
		{56A41249-A754-4964-91B7-39302F112B86}.Release|x86.Build.0 = Release|Any CPU
		{799531CF-FE8A-47A0-92DC-0F526B329F29}.Debug|Any CPU.ActiveCfg = Debug|Any CPU
		{799531CF-FE8A-47A0-92DC-0F526B329F29}.Debug|Any CPU.Build.0 = Debug|Any CPU
		{799531CF-FE8A-47A0-92DC-0F526B329F29}.Debug|x64.ActiveCfg = Debug|Any CPU
		{799531CF-FE8A-47A0-92DC-0F526B329F29}.Debug|x64.Build.0 = Debug|Any CPU
		{799531CF-FE8A-47A0-92DC-0F526B329F29}.Debug|x86.ActiveCfg = Debug|Any CPU
		{799531CF-FE8A-47A0-92DC-0F526B329F29}.Debug|x86.Build.0 = Debug|Any CPU
		{799531CF-FE8A-47A0-92DC-0F526B329F29}.Release|Any CPU.ActiveCfg = Release|Any CPU
		{799531CF-FE8A-47A0-92DC-0F526B329F29}.Release|Any CPU.Build.0 = Release|Any CPU
		{799531CF-FE8A-47A0-92DC-0F526B329F29}.Release|x64.ActiveCfg = Release|Any CPU
		{799531CF-FE8A-47A0-92DC-0F526B329F29}.Release|x64.Build.0 = Release|Any CPU
		{799531CF-FE8A-47A0-92DC-0F526B329F29}.Release|x86.ActiveCfg = Release|Any CPU
		{799531CF-FE8A-47A0-92DC-0F526B329F29}.Release|x86.Build.0 = Release|Any CPU
	EndGlobalSection
	GlobalSection(SolutionProperties) = preSolution
		HideSolutionNode = FALSE
	EndGlobalSection
	GlobalSection(NestedProjects) = preSolution
		{5D07C300-7DD5-381B-F8D2-18B93C30268E} = {827E0CD3-B72D-47B6-A68D-7590B98EB39B}
		{56A41249-A754-4964-91B7-39302F112B86} = {5D07C300-7DD5-381B-F8D2-18B93C30268E}
		{66C3345D-FD30-D1A6-500C-0C0E97642595} = {827E0CD3-B72D-47B6-A68D-7590B98EB39B}
		{799531CF-FE8A-47A0-92DC-0F526B329F29} = {66C3345D-FD30-D1A6-500C-0C0E97642595}
	EndGlobalSection
EndGlobal
